
Microsoft Visual Studio Solution File, Format Version 12.00
# Visual Studio Version 17
VisualStudioVersion = 17.0.31903.59
MinimumVisualStudioVersion = 10.0.40219.1
Project("{2150E333-8FDC-42A3-9474-1A3956D46DE8}") = "Src", "Src", "{69F8D8B9-8977-4273-B1CA-5CC78F9A74BE}"
EndProject
Project("{FAE04EC0-301F-11D3-BF4B-00C04F79EFBC}") = "Wars.Users", "Src\Wars.Users\Wars.Users.csproj", "{9C657E78-6063-446F-BECD-D11C11C50DAD}"
EndProject
Project("{2150E333-8FDC-42A3-9474-1A3956D46DE8}") = "Users module", "Users module", "{6C169378-3DE3-421B-A551-27375FBCCD8D}"
EndProject
Project("{FAE04EC0-301F-11D3-BF4B-00C04F79EFBC}") = "Wars.Api", "Src\Wars.Api\Wars.Api.csproj", "{FA6DCE04-BC79-41DE-8733-A2639264D189}"
EndProject
Project("{2150E333-8FDC-42A3-9474-1A3956D46DE8}") = "Villages module", "Villages module", "{26708FBC-1DFB-4E4E-9277-4340E70F7300}"
EndProject
Project("{FAE04EC0-301F-11D3-BF4B-00C04F79EFBC}") = "Wars.Villages", "Src\Wars.Villages\Wars.Villages.csproj", "{EAC67879-C345-410E-92F7-7C2CB6FC491E}"
EndProject
Project("{FAE04EC0-301F-11D3-BF4B-00C04F79EFBC}") = "Wars.Villages.Contracts", "Src\Wars.Villages.Contracts\Wars.Villages.Contracts.csproj", "{DB0A505F-5D5A-46E6-B52E-2992DB8D434E}"
EndProject
Project("{2150E333-8FDC-42A3-9474-1A3956D46DE8}") = "Resources module", "Resources module", "{25C2EDB7-6421-4108-A3CF-368B924AB8DB}"
EndProject
Project("{FAE04EC0-301F-11D3-BF4B-00C04F79EFBC}") = "Wars.Resources", "Src\Wars.Resources\Wars.Resources.csproj", "{E0B42CF5-7C12-450F-AA2C-850808BB3F9D}"
EndProject
Project("{2150E333-8FDC-42A3-9474-1A3956D46DE8}") = "Buildings module", "Buildings module", "{6B5BE32B-D048-4915-A103-355EE1D85CC1}"
EndProject
Project("{FAE04EC0-301F-11D3-BF4B-00C04F79EFBC}") = "Wars.Buildings", "Src\Wars.Buildings\Wars.Buildings.csproj", "{22F5A7CC-16D1-4067-8CEA-8A05B95BAF5A}"
EndProject
Project("{FAE04EC0-301F-11D3-BF4B-00C04F79EFBC}") = "Wars.Resources.Contracts", "Src\Wars.Resources.Contracts\Wars.Resources.Contracts.csproj", "{43DB3377-B73C-4D83-B920-CA547A70A7E6}"
EndProject
Project("{FAE04EC0-301F-11D3-BF4B-00C04F79EFBC}") = "Wars.Villages.Tests", "Src\Wars.Villages.Tests\Wars.Villages.Tests.csproj", "{F11375D4-1FBE-4CC8-8EFB-E2683A57B5AB}"
EndProject
Global
	GlobalSection(SolutionConfigurationPlatforms) = preSolution
		Debug|Any CPU = Debug|Any CPU
		Release|Any CPU = Release|Any CPU
	EndGlobalSection
	GlobalSection(SolutionProperties) = preSolution
		HideSolutionNode = FALSE
	EndGlobalSection
	GlobalSection(ProjectConfigurationPlatforms) = postSolution
		{9C657E78-6063-446F-BECD-D11C11C50DAD}.Debug|Any CPU.ActiveCfg = Debug|Any CPU
		{9C657E78-6063-446F-BECD-D11C11C50DAD}.Debug|Any CPU.Build.0 = Debug|Any CPU
		{9C657E78-6063-446F-BECD-D11C11C50DAD}.Release|Any CPU.ActiveCfg = Release|Any CPU
		{9C657E78-6063-446F-BECD-D11C11C50DAD}.Release|Any CPU.Build.0 = Release|Any CPU
		{FA6DCE04-BC79-41DE-8733-A2639264D189}.Debug|Any CPU.ActiveCfg = Debug|Any CPU
		{FA6DCE04-BC79-41DE-8733-A2639264D189}.Debug|Any CPU.Build.0 = Debug|Any CPU
		{FA6DCE04-BC79-41DE-8733-A2639264D189}.Release|Any CPU.ActiveCfg = Release|Any CPU
		{FA6DCE04-BC79-41DE-8733-A2639264D189}.Release|Any CPU.Build.0 = Release|Any CPU
		{EAC67879-C345-410E-92F7-7C2CB6FC491E}.Debug|Any CPU.ActiveCfg = Debug|Any CPU
		{EAC67879-C345-410E-92F7-7C2CB6FC491E}.Debug|Any CPU.Build.0 = Debug|Any CPU
		{EAC67879-C345-410E-92F7-7C2CB6FC491E}.Release|Any CPU.ActiveCfg = Release|Any CPU
		{EAC67879-C345-410E-92F7-7C2CB6FC491E}.Release|Any CPU.Build.0 = Release|Any CPU
		{DB0A505F-5D5A-46E6-B52E-2992DB8D434E}.Debug|Any CPU.ActiveCfg = Debug|Any CPU
		{DB0A505F-5D5A-46E6-B52E-2992DB8D434E}.Debug|Any CPU.Build.0 = Debug|Any CPU
		{DB0A505F-5D5A-46E6-B52E-2992DB8D434E}.Release|Any CPU.ActiveCfg = Release|Any CPU
		{DB0A505F-5D5A-46E6-B52E-2992DB8D434E}.Release|Any CPU.Build.0 = Release|Any CPU
		{E0B42CF5-7C12-450F-AA2C-850808BB3F9D}.Debug|Any CPU.ActiveCfg = Debug|Any CPU
		{E0B42CF5-7C12-450F-AA2C-850808BB3F9D}.Debug|Any CPU.Build.0 = Debug|Any CPU
		{E0B42CF5-7C12-450F-AA2C-850808BB3F9D}.Release|Any CPU.ActiveCfg = Release|Any CPU
		{E0B42CF5-7C12-450F-AA2C-850808BB3F9D}.Release|Any CPU.Build.0 = Release|Any CPU
		{22F5A7CC-16D1-4067-8CEA-8A05B95BAF5A}.Debug|Any CPU.ActiveCfg = Debug|Any CPU
		{22F5A7CC-16D1-4067-8CEA-8A05B95BAF5A}.Debug|Any CPU.Build.0 = Debug|Any CPU
		{22F5A7CC-16D1-4067-8CEA-8A05B95BAF5A}.Release|Any CPU.ActiveCfg = Release|Any CPU
		{22F5A7CC-16D1-4067-8CEA-8A05B95BAF5A}.Release|Any CPU.Build.0 = Release|Any CPU
		{43DB3377-B73C-4D83-B920-CA547A70A7E6}.Debug|Any CPU.ActiveCfg = Debug|Any CPU
		{43DB3377-B73C-4D83-B920-CA547A70A7E6}.Debug|Any CPU.Build.0 = Debug|Any CPU
		{43DB3377-B73C-4D83-B920-CA547A70A7E6}.Release|Any CPU.ActiveCfg = Release|Any CPU
		{43DB3377-B73C-4D83-B920-CA547A70A7E6}.Release|Any CPU.Build.0 = Release|Any CPU
		{F11375D4-1FBE-4CC8-8EFB-E2683A57B5AB}.Debug|Any CPU.ActiveCfg = Debug|Any CPU
		{F11375D4-1FBE-4CC8-8EFB-E2683A57B5AB}.Debug|Any CPU.Build.0 = Debug|Any CPU
		{F11375D4-1FBE-4CC8-8EFB-E2683A57B5AB}.Release|Any CPU.ActiveCfg = Release|Any CPU
		{F11375D4-1FBE-4CC8-8EFB-E2683A57B5AB}.Release|Any CPU.Build.0 = Release|Any CPU
	EndGlobalSection
	GlobalSection(NestedProjects) = preSolution
		{6C169378-3DE3-421B-A551-27375FBCCD8D} = {69F8D8B9-8977-4273-B1CA-5CC78F9A74BE}
		{9C657E78-6063-446F-BECD-D11C11C50DAD} = {6C169378-3DE3-421B-A551-27375FBCCD8D}
		{FA6DCE04-BC79-41DE-8733-A2639264D189} = {69F8D8B9-8977-4273-B1CA-5CC78F9A74BE}
		{26708FBC-1DFB-4E4E-9277-4340E70F7300} = {69F8D8B9-8977-4273-B1CA-5CC78F9A74BE}
		{EAC67879-C345-410E-92F7-7C2CB6FC491E} = {26708FBC-1DFB-4E4E-9277-4340E70F7300}
		{DB0A505F-5D5A-46E6-B52E-2992DB8D434E} = {26708FBC-1DFB-4E4E-9277-4340E70F7300}
		{25C2EDB7-6421-4108-A3CF-368B924AB8DB} = {69F8D8B9-8977-4273-B1CA-5CC78F9A74BE}
		{E0B42CF5-7C12-450F-AA2C-850808BB3F9D} = {25C2EDB7-6421-4108-A3CF-368B924AB8DB}
		{6B5BE32B-D048-4915-A103-355EE1D85CC1} = {69F8D8B9-8977-4273-B1CA-5CC78F9A74BE}
		{22F5A7CC-16D1-4067-8CEA-8A05B95BAF5A} = {6B5BE32B-D048-4915-A103-355EE1D85CC1}
		{43DB3377-B73C-4D83-B920-CA547A70A7E6} = {25C2EDB7-6421-4108-A3CF-368B924AB8DB}
		{F11375D4-1FBE-4CC8-8EFB-E2683A57B5AB} = {26708FBC-1DFB-4E4E-9277-4340E70F7300}
	EndGlobalSection
EndGlobal
